
Microsoft Visual Studio Solution File, Format Version 12.00
# Visual Studio Version 16
VisualStudioVersion = 16.0.30804.86
MinimumVisualStudioVersion = 10.0.40219.1
Project("{00D1A9C2-B5F0-4AF3-8072-F6C62B433612}") = "TradingData", "TradingData.sqlproj", "{12905B8E-8973-41BC-AA3C-5EB3E395410B}"
EndProject
Global
	GlobalSection(SolutionConfigurationPlatforms) = preSolution
		Debug|Any CPU = Debug|Any CPU
		Release|Any CPU = Release|Any CPU
	EndGlobalSection
	GlobalSection(ProjectConfigurationPlatforms) = postSolution
		{12905B8E-8973-41BC-AA3C-5EB3E395410B}.Debug|Any CPU.ActiveCfg = Debug|Any CPU
		{12905B8E-8973-41BC-AA3C-5EB3E395410B}.Debug|Any CPU.Build.0 = Debug|Any CPU
		{12905B8E-8973-41BC-AA3C-5EB3E395410B}.Debug|Any CPU.Deploy.0 = Debug|Any CPU
		{12905B8E-8973-41BC-AA3C-5EB3E395410B}.Release|Any CPU.ActiveCfg = Release|Any CPU
		{12905B8E-8973-41BC-AA3C-5EB3E395410B}.Release|Any CPU.Build.0 = Release|Any CPU
		{12905B8E-8973-41BC-AA3C-5EB3E395410B}.Release|Any CPU.Deploy.0 = Release|Any CPU
	EndGlobalSection
	GlobalSection(SolutionProperties) = preSolution
		HideSolutionNode = FALSE
	EndGlobalSection
	GlobalSection(ExtensibilityGlobals) = postSolution
		SolutionGuid = {30537BD7-5087-4532-BC01-A6F4DA6C0D08}
	EndGlobalSection
EndGlobal
